
Microsoft Visual Studio Solution File, Format Version 12.00
# Visual Studio Version 16
VisualStudioVersion = 16.0.29215.179
MinimumVisualStudioVersion = 10.0.40219.1
Project("{9A19103F-16F7-4668-BE54-9A1E7A4F7556}") = "Doors", "Doors.csproj", "{3B2859DB-6031-4D5D-9FCB-5D298ED2784A}"
EndProject
Global
	GlobalSection(SolutionConfigurationPlatforms) = preSolution
		Debug|Any CPU = Debug|Any CPU
		Release|Any CPU = Release|Any CPU
	EndGlobalSection
	GlobalSection(ProjectConfigurationPlatforms) = postSolution
		{3B2859DB-6031-4D5D-9FCB-5D298ED2784A}.Debug|Any CPU.ActiveCfg = Debug|Any CPU
		{3B2859DB-6031-4D5D-9FCB-5D298ED2784A}.Debug|Any CPU.Build.0 = Debug|Any CPU
		{3B2859DB-6031-4D5D-9FCB-5D298ED2784A}.Release|Any CPU.ActiveCfg = Release|Any CPU
		{3B2859DB-6031-4D5D-9FCB-5D298ED2784A}.Release|Any CPU.Build.0 = Release|Any CPU
	EndGlobalSection
	GlobalSection(SolutionProperties) = preSolution
		HideSolutionNode = FALSE
	EndGlobalSection
	GlobalSection(ExtensibilityGlobals) = postSolution
		SolutionGuid = {8B8199EC-82B2-47F3-AE81-8ECB496ADF55}
	EndGlobalSection
EndGlobal
