
Microsoft Visual Studio Solution File, Format Version 12.00
# Visual Studio Version 16
VisualStudioVersion = 16.0.29215.179
MinimumVisualStudioVersion = 10.0.40219.1
Project("{9A19103F-16F7-4668-BE54-9A1E7A4F7556}") = "100Doors", "100Doors\100Doors.csproj", "{2346C82D-CF6A-4421-BFA1-E0E7ED65F3A6}"
EndProject
Project("{9A19103F-16F7-4668-BE54-9A1E7A4F7556}") = "CLient", "CLient\CLient.csproj", "{3818A747-5657-4403-91D9-45A5C90F2EF3}"
EndProject
Project("{9A19103F-16F7-4668-BE54-9A1E7A4F7556}") = "Doors", "Doors\Doors.csproj", "{66EC79C4-C22C-4E09-9CDC-EBED96061A33}"
EndProject
Global
	GlobalSection(SolutionConfigurationPlatforms) = preSolution
		Debug|Any CPU = Debug|Any CPU
		Release|Any CPU = Release|Any CPU
	EndGlobalSection
	GlobalSection(ProjectConfigurationPlatforms) = postSolution
		{2346C82D-CF6A-4421-BFA1-E0E7ED65F3A6}.Debug|Any CPU.ActiveCfg = Debug|Any CPU
		{2346C82D-CF6A-4421-BFA1-E0E7ED65F3A6}.Debug|Any CPU.Build.0 = Debug|Any CPU
		{2346C82D-CF6A-4421-BFA1-E0E7ED65F3A6}.Release|Any CPU.ActiveCfg = Release|Any CPU
		{2346C82D-CF6A-4421-BFA1-E0E7ED65F3A6}.Release|Any CPU.Build.0 = Release|Any CPU
		{3818A747-5657-4403-91D9-45A5C90F2EF3}.Debug|Any CPU.ActiveCfg = Debug|Any CPU
		{3818A747-5657-4403-91D9-45A5C90F2EF3}.Debug|Any CPU.Build.0 = Debug|Any CPU
		{3818A747-5657-4403-91D9-45A5C90F2EF3}.Release|Any CPU.ActiveCfg = Release|Any CPU
		{3818A747-5657-4403-91D9-45A5C90F2EF3}.Release|Any CPU.Build.0 = Release|Any CPU
		{66EC79C4-C22C-4E09-9CDC-EBED96061A33}.Debug|Any CPU.ActiveCfg = Debug|Any CPU
		{66EC79C4-C22C-4E09-9CDC-EBED96061A33}.Debug|Any CPU.Build.0 = Debug|Any CPU
		{66EC79C4-C22C-4E09-9CDC-EBED96061A33}.Release|Any CPU.ActiveCfg = Release|Any CPU
		{66EC79C4-C22C-4E09-9CDC-EBED96061A33}.Release|Any CPU.Build.0 = Release|Any CPU
	EndGlobalSection
	GlobalSection(SolutionProperties) = preSolution
		HideSolutionNode = FALSE
	EndGlobalSection
	GlobalSection(ExtensibilityGlobals) = postSolution
		SolutionGuid = {B9A5B217-A6D8-42D8-9364-C2BA89B4ED80}
	EndGlobalSection
EndGlobal
